
Microsoft Visual Studio Solution File, Format Version 12.00
# Visual Studio 14
VisualStudioVersion = 14.0.25123.0
MinimumVisualStudioVersion = 10.0.40219.1
Project("{FAE04EC0-301F-11D3-BF4B-00C04F79EFBC}") = "MyStyleApp.Droid", "MyStyleApp\MyStyleApp.Droid\MyStyleApp.Droid.csproj", "{836D71C6-4D84-4BAD-8655-6C4BB63AA982}"
EndProject
Project("{FAE04EC0-301F-11D3-BF4B-00C04F79EFBC}") = "MyStyleApp.iOS", "MyStyleApp\MyStyleApp.iOS\MyStyleApp.iOS.csproj", "{F1FE5767-930A-44BF-B1D5-5183C07C6E68}"
EndProject
Project("{FAE04EC0-301F-11D3-BF4B-00C04F79EFBC}") = "MyStyleApp.WinPhone", "MyStyleApp\MyStyleApp.WinPhone\MyStyleApp.WinPhone.csproj", "{34717C16-DCB6-430B-BD0B-D6FD032C4CDF}"
EndProject
Project("{FAE04EC0-301F-11D3-BF4B-00C04F79EFBC}") = "MyStyleApp", "MyStyleApp\MyStyleApp\MyStyleApp.csproj", "{DA22257A-671E-4E72-A433-EA65DF54DB68}"
EndProject
Global
	GlobalSection(SolutionConfigurationPlatforms) = preSolution
		Ad-Hoc|Any CPU = Ad-Hoc|Any CPU
		Ad-Hoc|ARM = Ad-Hoc|ARM
		Ad-Hoc|iPhone = Ad-Hoc|iPhone
		Ad-Hoc|iPhoneSimulator = Ad-Hoc|iPhoneSimulator
		Ad-Hoc|x64 = Ad-Hoc|x64
		Ad-Hoc|x86 = Ad-Hoc|x86
		AppStore|Any CPU = AppStore|Any CPU
		AppStore|ARM = AppStore|ARM
		AppStore|iPhone = AppStore|iPhone
		AppStore|iPhoneSimulator = AppStore|iPhoneSimulator
		AppStore|x64 = AppStore|x64
		AppStore|x86 = AppStore|x86
		Debug|Any CPU = Debug|Any CPU
		Debug|ARM = Debug|ARM
		Debug|iPhone = Debug|iPhone
		Debug|iPhoneSimulator = Debug|iPhoneSimulator
		Debug|x64 = Debug|x64
		Debug|x86 = Debug|x86
		Release|Any CPU = Release|Any CPU
		Release|ARM = Release|ARM
		Release|iPhone = Release|iPhone
		Release|iPhoneSimulator = Release|iPhoneSimulator
		Release|x64 = Release|x64
		Release|x86 = Release|x86
	EndGlobalSection
	GlobalSection(ProjectConfigurationPlatforms) = postSolution
		{836D71C6-4D84-4BAD-8655-6C4BB63AA982}.Ad-Hoc|Any CPU.ActiveCfg = Release|Any CPU
		{836D71C6-4D84-4BAD-8655-6C4BB63AA982}.Ad-Hoc|Any CPU.Build.0 = Release|Any CPU
		{836D71C6-4D84-4BAD-8655-6C4BB63AA982}.Ad-Hoc|Any CPU.Deploy.0 = Release|Any CPU
		{836D71C6-4D84-4BAD-8655-6C4BB63AA982}.Ad-Hoc|ARM.ActiveCfg = Release|Any CPU
		{836D71C6-4D84-4BAD-8655-6C4BB63AA982}.Ad-Hoc|ARM.Build.0 = Release|Any CPU
		{836D71C6-4D84-4BAD-8655-6C4BB63AA982}.Ad-Hoc|ARM.Deploy.0 = Release|Any CPU
		{836D71C6-4D84-4BAD-8655-6C4BB63AA982}.Ad-Hoc|iPhone.ActiveCfg = Release|Any CPU
		{836D71C6-4D84-4BAD-8655-6C4BB63AA982}.Ad-Hoc|iPhone.Build.0 = Release|Any CPU
		{836D71C6-4D84-4BAD-8655-6C4BB63AA982}.Ad-Hoc|iPhone.Deploy.0 = Release|Any CPU
		{836D71C6-4D84-4BAD-8655-6C4BB63AA982}.Ad-Hoc|iPhoneSimulator.ActiveCfg = Release|Any CPU
		{836D71C6-4D84-4BAD-8655-6C4BB63AA982}.Ad-Hoc|iPhoneSimulator.Build.0 = Release|Any CPU
		{836D71C6-4D84-4BAD-8655-6C4BB63AA982}.Ad-Hoc|iPhoneSimulator.Deploy.0 = Release|Any CPU
		{836D71C6-4D84-4BAD-8655-6C4BB63AA982}.Ad-Hoc|x64.ActiveCfg = Release|Any CPU
		{836D71C6-4D84-4BAD-8655-6C4BB63AA982}.Ad-Hoc|x64.Build.0 = Release|Any CPU
		{836D71C6-4D84-4BAD-8655-6C4BB63AA982}.Ad-Hoc|x64.Deploy.0 = Release|Any CPU
		{836D71C6-4D84-4BAD-8655-6C4BB63AA982}.Ad-Hoc|x86.ActiveCfg = Release|Any CPU
		{836D71C6-4D84-4BAD-8655-6C4BB63AA982}.Ad-Hoc|x86.Build.0 = Release|Any CPU
		{836D71C6-4D84-4BAD-8655-6C4BB63AA982}.Ad-Hoc|x86.Deploy.0 = Release|Any CPU
		{836D71C6-4D84-4BAD-8655-6C4BB63AA982}.AppStore|Any CPU.ActiveCfg = Release|Any CPU
		{836D71C6-4D84-4BAD-8655-6C4BB63AA982}.AppStore|Any CPU.Build.0 = Release|Any CPU
		{836D71C6-4D84-4BAD-8655-6C4BB63AA982}.AppStore|Any CPU.Deploy.0 = Release|Any CPU
		{836D71C6-4D84-4BAD-8655-6C4BB63AA982}.AppStore|ARM.ActiveCfg = Release|Any CPU
		{836D71C6-4D84-4BAD-8655-6C4BB63AA982}.AppStore|ARM.Build.0 = Release|Any CPU
		{836D71C6-4D84-4BAD-8655-6C4BB63AA982}.AppStore|ARM.Deploy.0 = Release|Any CPU
		{836D71C6-4D84-4BAD-8655-6C4BB63AA982}.AppStore|iPhone.ActiveCfg = Release|Any CPU
		{836D71C6-4D84-4BAD-8655-6C4BB63AA982}.AppStore|iPhone.Build.0 = Release|Any CPU
		{836D71C6-4D84-4BAD-8655-6C4BB63AA982}.AppStore|iPhone.Deploy.0 = Release|Any CPU
		{836D71C6-4D84-4BAD-8655-6C4BB63AA982}.AppStore|iPhoneSimulator.ActiveCfg = Release|Any CPU
		{836D71C6-4D84-4BAD-8655-6C4BB63AA982}.AppStore|iPhoneSimulator.Build.0 = Release|Any CPU
		{836D71C6-4D84-4BAD-8655-6C4BB63AA982}.AppStore|iPhoneSimulator.Deploy.0 = Release|Any CPU
		{836D71C6-4D84-4BAD-8655-6C4BB63AA982}.AppStore|x64.ActiveCfg = Release|Any CPU
		{836D71C6-4D84-4BAD-8655-6C4BB63AA982}.AppStore|x64.Build.0 = Release|Any CPU
		{836D71C6-4D84-4BAD-8655-6C4BB63AA982}.AppStore|x64.Deploy.0 = Release|Any CPU
		{836D71C6-4D84-4BAD-8655-6C4BB63AA982}.AppStore|x86.ActiveCfg = Release|Any CPU
		{836D71C6-4D84-4BAD-8655-6C4BB63AA982}.AppStore|x86.Build.0 = Release|Any CPU
		{836D71C6-4D84-4BAD-8655-6C4BB63AA982}.AppStore|x86.Deploy.0 = Release|Any CPU
		{836D71C6-4D84-4BAD-8655-6C4BB63AA982}.Debug|Any CPU.ActiveCfg = Debug|Any CPU
		{836D71C6-4D84-4BAD-8655-6C4BB63AA982}.Debug|Any CPU.Build.0 = Debug|Any CPU
		{836D71C6-4D84-4BAD-8655-6C4BB63AA982}.Debug|Any CPU.Deploy.0 = Debug|Any CPU
		{836D71C6-4D84-4BAD-8655-6C4BB63AA982}.Debug|ARM.ActiveCfg = Debug|Any CPU
		{836D71C6-4D84-4BAD-8655-6C4BB63AA982}.Debug|ARM.Build.0 = Debug|Any CPU
		{836D71C6-4D84-4BAD-8655-6C4BB63AA982}.Debug|ARM.Deploy.0 = Debug|Any CPU
		{836D71C6-4D84-4BAD-8655-6C4BB63AA982}.Debug|iPhone.ActiveCfg = Debug|Any CPU
		{836D71C6-4D84-4BAD-8655-6C4BB63AA982}.Debug|iPhone.Build.0 = Debug|Any CPU
		{836D71C6-4D84-4BAD-8655-6C4BB63AA982}.Debug|iPhone.Deploy.0 = Debug|Any CPU
		{836D71C6-4D84-4BAD-8655-6C4BB63AA982}.Debug|iPhoneSimulator.ActiveCfg = Debug|Any CPU
		{836D71C6-4D84-4BAD-8655-6C4BB63AA982}.Debug|iPhoneSimulator.Build.0 = Debug|Any CPU
		{836D71C6-4D84-4BAD-8655-6C4BB63AA982}.Debug|iPhoneSimulator.Deploy.0 = Debug|Any CPU
		{836D71C6-4D84-4BAD-8655-6C4BB63AA982}.Debug|x64.ActiveCfg = Debug|Any CPU
		{836D71C6-4D84-4BAD-8655-6C4BB63AA982}.Debug|x64.Build.0 = Debug|Any CPU
		{836D71C6-4D84-4BAD-8655-6C4BB63AA982}.Debug|x64.Deploy.0 = Debug|Any CPU
		{836D71C6-4D84-4BAD-8655-6C4BB63AA982}.Debug|x86.ActiveCfg = Debug|Any CPU
		{836D71C6-4D84-4BAD-8655-6C4BB63AA982}.Debug|x86.Build.0 = Debug|Any CPU
		{836D71C6-4D84-4BAD-8655-6C4BB63AA982}.Debug|x86.Deploy.0 = Debug|Any CPU
		{836D71C6-4D84-4BAD-8655-6C4BB63AA982}.Release|Any CPU.ActiveCfg = Release|Any CPU
		{836D71C6-4D84-4BAD-8655-6C4BB63AA982}.Release|Any CPU.Build.0 = Release|Any CPU
		{836D71C6-4D84-4BAD-8655-6C4BB63AA982}.Release|Any CPU.Deploy.0 = Release|Any CPU
		{836D71C6-4D84-4BAD-8655-6C4BB63AA982}.Release|ARM.ActiveCfg = Release|Any CPU
		{836D71C6-4D84-4BAD-8655-6C4BB63AA982}.Release|ARM.Build.0 = Release|Any CPU
		{836D71C6-4D84-4BAD-8655-6C4BB63AA982}.Release|ARM.Deploy.0 = Release|Any CPU
		{836D71C6-4D84-4BAD-8655-6C4BB63AA982}.Release|iPhone.ActiveCfg = Release|Any CPU
		{836D71C6-4D84-4BAD-8655-6C4BB63AA982}.Release|iPhone.Build.0 = Release|Any CPU
		{836D71C6-4D84-4BAD-8655-6C4BB63AA982}.Release|iPhone.Deploy.0 = Release|Any CPU
		{836D71C6-4D84-4BAD-8655-6C4BB63AA982}.Release|iPhoneSimulator.ActiveCfg = Release|Any CPU
		{836D71C6-4D84-4BAD-8655-6C4BB63AA982}.Release|iPhoneSimulator.Build.0 = Release|Any CPU
		{836D71C6-4D84-4BAD-8655-6C4BB63AA982}.Release|iPhoneSimulator.Deploy.0 = Release|Any CPU
		{836D71C6-4D84-4BAD-8655-6C4BB63AA982}.Release|x64.ActiveCfg = Release|Any CPU
		{836D71C6-4D84-4BAD-8655-6C4BB63AA982}.Release|x64.Build.0 = Release|Any CPU
		{836D71C6-4D84-4BAD-8655-6C4BB63AA982}.Release|x64.Deploy.0 = Release|Any CPU
		{836D71C6-4D84-4BAD-8655-6C4BB63AA982}.Release|x86.ActiveCfg = Release|Any CPU
		{836D71C6-4D84-4BAD-8655-6C4BB63AA982}.Release|x86.Build.0 = Release|Any CPU
		{836D71C6-4D84-4BAD-8655-6C4BB63AA982}.Release|x86.Deploy.0 = Release|Any CPU
		{F1FE5767-930A-44BF-B1D5-5183C07C6E68}.Ad-Hoc|Any CPU.ActiveCfg = Ad-Hoc|iPhone
		{F1FE5767-930A-44BF-B1D5-5183C07C6E68}.Ad-Hoc|ARM.ActiveCfg = Ad-Hoc|iPhone
		{F1FE5767-930A-44BF-B1D5-5183C07C6E68}.Ad-Hoc|iPhone.ActiveCfg = Ad-Hoc|iPhone
		{F1FE5767-930A-44BF-B1D5-5183C07C6E68}.Ad-Hoc|iPhone.Build.0 = Ad-Hoc|iPhone
		{F1FE5767-930A-44BF-B1D5-5183C07C6E68}.Ad-Hoc|iPhoneSimulator.ActiveCfg = Ad-Hoc|iPhoneSimulator
		{F1FE5767-930A-44BF-B1D5-5183C07C6E68}.Ad-Hoc|iPhoneSimulator.Build.0 = Ad-Hoc|iPhoneSimulator
		{F1FE5767-930A-44BF-B1D5-5183C07C6E68}.Ad-Hoc|x64.ActiveCfg = Ad-Hoc|iPhone
		{F1FE5767-930A-44BF-B1D5-5183C07C6E68}.Ad-Hoc|x86.ActiveCfg = Ad-Hoc|iPhone
		{F1FE5767-930A-44BF-B1D5-5183C07C6E68}.AppStore|Any CPU.ActiveCfg = AppStore|iPhone
		{F1FE5767-930A-44BF-B1D5-5183C07C6E68}.AppStore|ARM.ActiveCfg = AppStore|iPhone
		{F1FE5767-930A-44BF-B1D5-5183C07C6E68}.AppStore|iPhone.ActiveCfg = AppStore|iPhone
		{F1FE5767-930A-44BF-B1D5-5183C07C6E68}.AppStore|iPhone.Build.0 = AppStore|iPhone
		{F1FE5767-930A-44BF-B1D5-5183C07C6E68}.AppStore|iPhoneSimulator.ActiveCfg = AppStore|iPhoneSimulator
		{F1FE5767-930A-44BF-B1D5-5183C07C6E68}.AppStore|iPhoneSimulator.Build.0 = AppStore|iPhoneSimulator
		{F1FE5767-930A-44BF-B1D5-5183C07C6E68}.AppStore|x64.ActiveCfg = AppStore|iPhone
		{F1FE5767-930A-44BF-B1D5-5183C07C6E68}.AppStore|x86.ActiveCfg = AppStore|iPhone
		{F1FE5767-930A-44BF-B1D5-5183C07C6E68}.Debug|Any CPU.ActiveCfg = Debug|iPhone
		{F1FE5767-930A-44BF-B1D5-5183C07C6E68}.Debug|ARM.ActiveCfg = Debug|iPhone
		{F1FE5767-930A-44BF-B1D5-5183C07C6E68}.Debug|iPhone.ActiveCfg = Debug|iPhone
		{F1FE5767-930A-44BF-B1D5-5183C07C6E68}.Debug|iPhone.Build.0 = Debug|iPhone
		{F1FE5767-930A-44BF-B1D5-5183C07C6E68}.Debug|iPhoneSimulator.ActiveCfg = Debug|iPhoneSimulator
		{F1FE5767-930A-44BF-B1D5-5183C07C6E68}.Debug|iPhoneSimulator.Build.0 = Debug|iPhoneSimulator
		{F1FE5767-930A-44BF-B1D5-5183C07C6E68}.Debug|x64.ActiveCfg = Debug|iPhone
		{F1FE5767-930A-44BF-B1D5-5183C07C6E68}.Debug|x86.ActiveCfg = Debug|iPhone
		{F1FE5767-930A-44BF-B1D5-5183C07C6E68}.Release|Any CPU.ActiveCfg = Release|iPhone
		{F1FE5767-930A-44BF-B1D5-5183C07C6E68}.Release|ARM.ActiveCfg = Release|iPhone
		{F1FE5767-930A-44BF-B1D5-5183C07C6E68}.Release|iPhone.ActiveCfg = Release|iPhone
		{F1FE5767-930A-44BF-B1D5-5183C07C6E68}.Release|iPhone.Build.0 = Release|iPhone
		{F1FE5767-930A-44BF-B1D5-5183C07C6E68}.Release|iPhoneSimulator.ActiveCfg = Release|iPhoneSimulator
		{F1FE5767-930A-44BF-B1D5-5183C07C6E68}.Release|iPhoneSimulator.Build.0 = Release|iPhoneSimulator
		{F1FE5767-930A-44BF-B1D5-5183C07C6E68}.Release|x64.ActiveCfg = Release|iPhone
		{F1FE5767-930A-44BF-B1D5-5183C07C6E68}.Release|x86.ActiveCfg = Release|iPhone
		{34717C16-DCB6-430B-BD0B-D6FD032C4CDF}.Ad-Hoc|Any CPU.ActiveCfg = Release|Any CPU
		{34717C16-DCB6-430B-BD0B-D6FD032C4CDF}.Ad-Hoc|Any CPU.Build.0 = Release|Any CPU
		{34717C16-DCB6-430B-BD0B-D6FD032C4CDF}.Ad-Hoc|Any CPU.Deploy.0 = Release|Any CPU
		{34717C16-DCB6-430B-BD0B-D6FD032C4CDF}.Ad-Hoc|ARM.ActiveCfg = Release|ARM
		{34717C16-DCB6-430B-BD0B-D6FD032C4CDF}.Ad-Hoc|ARM.Build.0 = Release|ARM
		{34717C16-DCB6-430B-BD0B-D6FD032C4CDF}.Ad-Hoc|ARM.Deploy.0 = Release|ARM
		{34717C16-DCB6-430B-BD0B-D6FD032C4CDF}.Ad-Hoc|iPhone.ActiveCfg = Release|Any CPU
		{34717C16-DCB6-430B-BD0B-D6FD032C4CDF}.Ad-Hoc|iPhone.Build.0 = Release|Any CPU
		{34717C16-DCB6-430B-BD0B-D6FD032C4CDF}.Ad-Hoc|iPhone.Deploy.0 = Release|Any CPU
		{34717C16-DCB6-430B-BD0B-D6FD032C4CDF}.Ad-Hoc|iPhoneSimulator.ActiveCfg = Release|Any CPU
		{34717C16-DCB6-430B-BD0B-D6FD032C4CDF}.Ad-Hoc|iPhoneSimulator.Build.0 = Release|Any CPU
		{34717C16-DCB6-430B-BD0B-D6FD032C4CDF}.Ad-Hoc|iPhoneSimulator.Deploy.0 = Release|Any CPU
		{34717C16-DCB6-430B-BD0B-D6FD032C4CDF}.Ad-Hoc|x64.ActiveCfg = Release|Any CPU
		{34717C16-DCB6-430B-BD0B-D6FD032C4CDF}.Ad-Hoc|x64.Build.0 = Release|Any CPU
		{34717C16-DCB6-430B-BD0B-D6FD032C4CDF}.Ad-Hoc|x64.Deploy.0 = Release|Any CPU
		{34717C16-DCB6-430B-BD0B-D6FD032C4CDF}.Ad-Hoc|x86.ActiveCfg = Release|x86
		{34717C16-DCB6-430B-BD0B-D6FD032C4CDF}.Ad-Hoc|x86.Build.0 = Release|x86
		{34717C16-DCB6-430B-BD0B-D6FD032C4CDF}.Ad-Hoc|x86.Deploy.0 = Release|x86
		{34717C16-DCB6-430B-BD0B-D6FD032C4CDF}.AppStore|Any CPU.ActiveCfg = Release|Any CPU
		{34717C16-DCB6-430B-BD0B-D6FD032C4CDF}.AppStore|Any CPU.Build.0 = Release|Any CPU
		{34717C16-DCB6-430B-BD0B-D6FD032C4CDF}.AppStore|Any CPU.Deploy.0 = Release|Any CPU
		{34717C16-DCB6-430B-BD0B-D6FD032C4CDF}.AppStore|ARM.ActiveCfg = Release|ARM
		{34717C16-DCB6-430B-BD0B-D6FD032C4CDF}.AppStore|ARM.Build.0 = Release|ARM
		{34717C16-DCB6-430B-BD0B-D6FD032C4CDF}.AppStore|ARM.Deploy.0 = Release|ARM
		{34717C16-DCB6-430B-BD0B-D6FD032C4CDF}.AppStore|iPhone.ActiveCfg = Release|Any CPU
		{34717C16-DCB6-430B-BD0B-D6FD032C4CDF}.AppStore|iPhone.Build.0 = Release|Any CPU
		{34717C16-DCB6-430B-BD0B-D6FD032C4CDF}.AppStore|iPhone.Deploy.0 = Release|Any CPU
		{34717C16-DCB6-430B-BD0B-D6FD032C4CDF}.AppStore|iPhoneSimulator.ActiveCfg = Release|Any CPU
		{34717C16-DCB6-430B-BD0B-D6FD032C4CDF}.AppStore|iPhoneSimulator.Build.0 = Release|Any CPU
		{34717C16-DCB6-430B-BD0B-D6FD032C4CDF}.AppStore|iPhoneSimulator.Deploy.0 = Release|Any CPU
		{34717C16-DCB6-430B-BD0B-D6FD032C4CDF}.AppStore|x64.ActiveCfg = Release|Any CPU
		{34717C16-DCB6-430B-BD0B-D6FD032C4CDF}.AppStore|x64.Build.0 = Release|Any CPU
		{34717C16-DCB6-430B-BD0B-D6FD032C4CDF}.AppStore|x64.Deploy.0 = Release|Any CPU
		{34717C16-DCB6-430B-BD0B-D6FD032C4CDF}.AppStore|x86.ActiveCfg = Release|x86
		{34717C16-DCB6-430B-BD0B-D6FD032C4CDF}.AppStore|x86.Build.0 = Release|x86
		{34717C16-DCB6-430B-BD0B-D6FD032C4CDF}.AppStore|x86.Deploy.0 = Release|x86
		{34717C16-DCB6-430B-BD0B-D6FD032C4CDF}.Debug|Any CPU.ActiveCfg = Debug|Any CPU
		{34717C16-DCB6-430B-BD0B-D6FD032C4CDF}.Debug|Any CPU.Build.0 = Debug|Any CPU
		{34717C16-DCB6-430B-BD0B-D6FD032C4CDF}.Debug|Any CPU.Deploy.0 = Debug|Any CPU
		{34717C16-DCB6-430B-BD0B-D6FD032C4CDF}.Debug|ARM.ActiveCfg = Debug|ARM
		{34717C16-DCB6-430B-BD0B-D6FD032C4CDF}.Debug|ARM.Build.0 = Debug|ARM
		{34717C16-DCB6-430B-BD0B-D6FD032C4CDF}.Debug|ARM.Deploy.0 = Debug|ARM
		{34717C16-DCB6-430B-BD0B-D6FD032C4CDF}.Debug|iPhone.ActiveCfg = Debug|Any CPU
		{34717C16-DCB6-430B-BD0B-D6FD032C4CDF}.Debug|iPhone.Build.0 = Debug|Any CPU
		{34717C16-DCB6-430B-BD0B-D6FD032C4CDF}.Debug|iPhone.Deploy.0 = Debug|Any CPU
		{34717C16-DCB6-430B-BD0B-D6FD032C4CDF}.Debug|iPhoneSimulator.ActiveCfg = Debug|Any CPU
		{34717C16-DCB6-430B-BD0B-D6FD032C4CDF}.Debug|iPhoneSimulator.Build.0 = Debug|Any CPU
		{34717C16-DCB6-430B-BD0B-D6FD032C4CDF}.Debug|iPhoneSimulator.Deploy.0 = Debug|Any CPU
		{34717C16-DCB6-430B-BD0B-D6FD032C4CDF}.Debug|x64.ActiveCfg = Debug|Any CPU
		{34717C16-DCB6-430B-BD0B-D6FD032C4CDF}.Debug|x64.Build.0 = Debug|Any CPU
		{34717C16-DCB6-430B-BD0B-D6FD032C4CDF}.Debug|x64.Deploy.0 = Debug|Any CPU
		{34717C16-DCB6-430B-BD0B-D6FD032C4CDF}.Debug|x86.ActiveCfg = Debug|x86
		{34717C16-DCB6-430B-BD0B-D6FD032C4CDF}.Debug|x86.Build.0 = Debug|x86
		{34717C16-DCB6-430B-BD0B-D6FD032C4CDF}.Debug|x86.Deploy.0 = Debug|x86
		{34717C16-DCB6-430B-BD0B-D6FD032C4CDF}.Release|Any CPU.ActiveCfg = Release|Any CPU
		{34717C16-DCB6-430B-BD0B-D6FD032C4CDF}.Release|Any CPU.Build.0 = Release|Any CPU
		{34717C16-DCB6-430B-BD0B-D6FD032C4CDF}.Release|Any CPU.Deploy.0 = Release|Any CPU
		{34717C16-DCB6-430B-BD0B-D6FD032C4CDF}.Release|ARM.ActiveCfg = Release|ARM
		{34717C16-DCB6-430B-BD0B-D6FD032C4CDF}.Release|ARM.Build.0 = Release|ARM
		{34717C16-DCB6-430B-BD0B-D6FD032C4CDF}.Release|ARM.Deploy.0 = Release|ARM
		{34717C16-DCB6-430B-BD0B-D6FD032C4CDF}.Release|iPhone.ActiveCfg = Release|Any CPU
		{34717C16-DCB6-430B-BD0B-D6FD032C4CDF}.Release|iPhone.Build.0 = Release|Any CPU
		{34717C16-DCB6-430B-BD0B-D6FD032C4CDF}.Release|iPhone.Deploy.0 = Release|Any CPU
		{34717C16-DCB6-430B-BD0B-D6FD032C4CDF}.Release|iPhoneSimulator.ActiveCfg = Release|Any CPU
		{34717C16-DCB6-430B-BD0B-D6FD032C4CDF}.Release|iPhoneSimulator.Build.0 = Release|Any CPU
		{34717C16-DCB6-430B-BD0B-D6FD032C4CDF}.Release|iPhoneSimulator.Deploy.0 = Release|Any CPU
		{34717C16-DCB6-430B-BD0B-D6FD032C4CDF}.Release|x64.ActiveCfg = Release|Any CPU
		{34717C16-DCB6-430B-BD0B-D6FD032C4CDF}.Release|x64.Build.0 = Release|Any CPU
		{34717C16-DCB6-430B-BD0B-D6FD032C4CDF}.Release|x64.Deploy.0 = Release|Any CPU
		{34717C16-DCB6-430B-BD0B-D6FD032C4CDF}.Release|x86.ActiveCfg = Release|x86
		{34717C16-DCB6-430B-BD0B-D6FD032C4CDF}.Release|x86.Build.0 = Release|x86
		{34717C16-DCB6-430B-BD0B-D6FD032C4CDF}.Release|x86.Deploy.0 = Release|x86
		{DA22257A-671E-4E72-A433-EA65DF54DB68}.Ad-Hoc|Any CPU.ActiveCfg = Release|Any CPU
		{DA22257A-671E-4E72-A433-EA65DF54DB68}.Ad-Hoc|Any CPU.Build.0 = Release|Any CPU
		{DA22257A-671E-4E72-A433-EA65DF54DB68}.Ad-Hoc|ARM.ActiveCfg = Release|Any CPU
		{DA22257A-671E-4E72-A433-EA65DF54DB68}.Ad-Hoc|ARM.Build.0 = Release|Any CPU
		{DA22257A-671E-4E72-A433-EA65DF54DB68}.Ad-Hoc|iPhone.ActiveCfg = Release|Any CPU
		{DA22257A-671E-4E72-A433-EA65DF54DB68}.Ad-Hoc|iPhone.Build.0 = Release|Any CPU
		{DA22257A-671E-4E72-A433-EA65DF54DB68}.Ad-Hoc|iPhoneSimulator.ActiveCfg = Release|Any CPU
		{DA22257A-671E-4E72-A433-EA65DF54DB68}.Ad-Hoc|iPhoneSimulator.Build.0 = Release|Any CPU
		{DA22257A-671E-4E72-A433-EA65DF54DB68}.Ad-Hoc|x64.ActiveCfg = Release|Any CPU
		{DA22257A-671E-4E72-A433-EA65DF54DB68}.Ad-Hoc|x64.Build.0 = Release|Any CPU
		{DA22257A-671E-4E72-A433-EA65DF54DB68}.Ad-Hoc|x86.ActiveCfg = Release|Any CPU
		{DA22257A-671E-4E72-A433-EA65DF54DB68}.Ad-Hoc|x86.Build.0 = Release|Any CPU
		{DA22257A-671E-4E72-A433-EA65DF54DB68}.AppStore|Any CPU.ActiveCfg = Release|Any CPU
		{DA22257A-671E-4E72-A433-EA65DF54DB68}.AppStore|Any CPU.Build.0 = Release|Any CPU
		{DA22257A-671E-4E72-A433-EA65DF54DB68}.AppStore|ARM.ActiveCfg = Release|Any CPU
		{DA22257A-671E-4E72-A433-EA65DF54DB68}.AppStore|ARM.Build.0 = Release|Any CPU
		{DA22257A-671E-4E72-A433-EA65DF54DB68}.AppStore|iPhone.ActiveCfg = Release|Any CPU
		{DA22257A-671E-4E72-A433-EA65DF54DB68}.AppStore|iPhone.Build.0 = Release|Any CPU
		{DA22257A-671E-4E72-A433-EA65DF54DB68}.AppStore|iPhoneSimulator.ActiveCfg = Release|Any CPU
		{DA22257A-671E-4E72-A433-EA65DF54DB68}.AppStore|iPhoneSimulator.Build.0 = Release|Any CPU
		{DA22257A-671E-4E72-A433-EA65DF54DB68}.AppStore|x64.ActiveCfg = Release|Any CPU
		{DA22257A-671E-4E72-A433-EA65DF54DB68}.AppStore|x64.Build.0 = Release|Any CPU
		{DA22257A-671E-4E72-A433-EA65DF54DB68}.AppStore|x86.ActiveCfg = Release|Any CPU
		{DA22257A-671E-4E72-A433-EA65DF54DB68}.AppStore|x86.Build.0 = Release|Any CPU
		{DA22257A-671E-4E72-A433-EA65DF54DB68}.Debug|Any CPU.ActiveCfg = Debug|Any CPU
		{DA22257A-671E-4E72-A433-EA65DF54DB68}.Debug|Any CPU.Build.0 = Debug|Any CPU
		{DA22257A-671E-4E72-A433-EA65DF54DB68}.Debug|ARM.ActiveCfg = Debug|Any CPU
		{DA22257A-671E-4E72-A433-EA65DF54DB68}.Debug|ARM.Build.0 = Debug|Any CPU
		{DA22257A-671E-4E72-A433-EA65DF54DB68}.Debug|iPhone.ActiveCfg = Debug|Any CPU
		{DA22257A-671E-4E72-A433-EA65DF54DB68}.Debug|iPhone.Build.0 = Debug|Any CPU
		{DA22257A-671E-4E72-A433-EA65DF54DB68}.Debug|iPhoneSimulator.ActiveCfg = Debug|Any CPU
		{DA22257A-671E-4E72-A433-EA65DF54DB68}.Debug|iPhoneSimulator.Build.0 = Debug|Any CPU
		{DA22257A-671E-4E72-A433-EA65DF54DB68}.Debug|x64.ActiveCfg = Debug|Any CPU
		{DA22257A-671E-4E72-A433-EA65DF54DB68}.Debug|x64.Build.0 = Debug|Any CPU
		{DA22257A-671E-4E72-A433-EA65DF54DB68}.Debug|x86.ActiveCfg = Debug|Any CPU
		{DA22257A-671E-4E72-A433-EA65DF54DB68}.Debug|x86.Build.0 = Debug|Any CPU
		{DA22257A-671E-4E72-A433-EA65DF54DB68}.Release|Any CPU.ActiveCfg = Release|Any CPU
		{DA22257A-671E-4E72-A433-EA65DF54DB68}.Release|Any CPU.Build.0 = Release|Any CPU
		{DA22257A-671E-4E72-A433-EA65DF54DB68}.Release|ARM.ActiveCfg = Release|Any CPU
		{DA22257A-671E-4E72-A433-EA65DF54DB68}.Release|ARM.Build.0 = Release|Any CPU
		{DA22257A-671E-4E72-A433-EA65DF54DB68}.Release|iPhone.ActiveCfg = Release|Any CPU
		{DA22257A-671E-4E72-A433-EA65DF54DB68}.Release|iPhone.Build.0 = Release|Any CPU
		{DA22257A-671E-4E72-A433-EA65DF54DB68}.Release|iPhoneSimulator.ActiveCfg = Release|Any CPU
		{DA22257A-671E-4E72-A433-EA65DF54DB68}.Release|iPhoneSimulator.Build.0 = Release|Any CPU
		{DA22257A-671E-4E72-A433-EA65DF54DB68}.Release|x64.ActiveCfg = Release|Any CPU
		{DA22257A-671E-4E72-A433-EA65DF54DB68}.Release|x64.Build.0 = Release|Any CPU
		{DA22257A-671E-4E72-A433-EA65DF54DB68}.Release|x86.ActiveCfg = Release|Any CPU
		{DA22257A-671E-4E72-A433-EA65DF54DB68}.Release|x86.Build.0 = Release|Any CPU
	EndGlobalSection
	GlobalSection(SolutionProperties) = preSolution
		HideSolutionNode = FALSE
	EndGlobalSection
EndGlobal
